
Microsoft Visual Studio Solution File, Format Version 12.00
# Visual Studio Version 17
VisualStudioVersion = 17.2.32616.157
MinimumVisualStudioVersion = 10.0.40219.1
Project("{FAE04EC0-301F-11D3-BF4B-00C04F79EFBC}") = "InventarioGameStore", "InventarioGameStore\InventarioGameStore.csproj", "{97770952-4F66-4952-BAED-83DF30750A01}"
EndProject
Global
	GlobalSection(SolutionConfigurationPlatforms) = preSolution
		Debug|Any CPU = Debug|Any CPU
		Release|Any CPU = Release|Any CPU
	EndGlobalSection
	GlobalSection(ProjectConfigurationPlatforms) = postSolution
		{97770952-4F66-4952-BAED-83DF30750A01}.Debug|Any CPU.ActiveCfg = Debug|Any CPU
		{97770952-4F66-4952-BAED-83DF30750A01}.Debug|Any CPU.Build.0 = Debug|Any CPU
		{97770952-4F66-4952-BAED-83DF30750A01}.Release|Any CPU.ActiveCfg = Release|Any CPU
		{97770952-4F66-4952-BAED-83DF30750A01}.Release|Any CPU.Build.0 = Release|Any CPU
	EndGlobalSection
	GlobalSection(SolutionProperties) = preSolution
		HideSolutionNode = FALSE
	EndGlobalSection
	GlobalSection(ExtensibilityGlobals) = postSolution
		SolutionGuid = {7ED3439D-939F-4750-884D-D3DA270B331B}
	EndGlobalSection
EndGlobal
